// !$*UTF8*$!
{
	archiveVersion = 1;
	classes = {
	};
	objectVersion = 56;
	objects = {

/* Begin PBXBuildFile section */
		062EAA132AF37F65009AAE8B /* AppDelegate.swift in Sources */ = {isa = PBXBuildFile; fileRef = 062EAA122AF37F65009AAE8B /* AppDelegate.swift */; };
		062EAA152AF37F65009AAE8B /* SceneDelegate.swift in Sources */ = {isa = PBXBuildFile; fileRef = 062EAA142AF37F65009AAE8B /* SceneDelegate.swift */; };
		062EAA1C2AF37F65009AAE8B /* Assets.xcassets in Resources */ = {isa = PBXBuildFile; fileRef = 062EAA1B2AF37F65009AAE8B /* Assets.xcassets */; };
		062EAA1F2AF37F65009AAE8B /* LaunchScreen.storyboard in Resources */ = {isa = PBXBuildFile; fileRef = 062EAA1D2AF37F65009AAE8B /* LaunchScreen.storyboard */; };
		062EAA2A2AF37F65009AAE8B /* LukeNewsAppTests.swift in Sources */ = {isa = PBXBuildFile; fileRef = 062EAA292AF37F65009AAE8B /* LukeNewsAppTests.swift */; };
		062EAA342AF37F65009AAE8B /* LukeNewsAppUITests.swift in Sources */ = {isa = PBXBuildFile; fileRef = 062EAA332AF37F65009AAE8B /* LukeNewsAppUITests.swift */; };
		062EAA362AF37F65009AAE8B /* LukeNewsAppUITestsLaunchTests.swift in Sources */ = {isa = PBXBuildFile; fileRef = 062EAA352AF37F65009AAE8B /* LukeNewsAppUITestsLaunchTests.swift */; };
		062EAA442AF37FF4009AAE8B /* Article.swift in Sources */ = {isa = PBXBuildFile; fileRef = 062EAA432AF37FF4009AAE8B /* Article.swift */; };
		062EAA462AF380A5009AAE8B /* Source.swift in Sources */ = {isa = PBXBuildFile; fileRef = 062EAA452AF380A5009AAE8B /* Source.swift */; };
		062EAA482AF380B6009AAE8B /* ArticleCellContent.swift in Sources */ = {isa = PBXBuildFile; fileRef = 062EAA472AF380B6009AAE8B /* ArticleCellContent.swift */; };
		062EAA4A2AF380CB009AAE8B /* SourceCellContent.swift in Sources */ = {isa = PBXBuildFile; fileRef = 062EAA492AF380CB009AAE8B /* SourceCellContent.swift */; };
		062EAA5A2AF38107009AAE8B /* HeadlinesViewModel.swift in Sources */ = {isa = PBXBuildFile; fileRef = 062EAA4D2AF38107009AAE8B /* HeadlinesViewModel.swift */; };
		062EAA5B2AF38107009AAE8B /* HeadlinesViewController.swift in Sources */ = {isa = PBXBuildFile; fileRef = 062EAA4E2AF38107009AAE8B /* HeadlinesViewController.swift */; };
		062EAA5C2AF38107009AAE8B /* ArticleListCell.swift in Sources */ = {isa = PBXBuildFile; fileRef = 062EAA4F2AF38107009AAE8B /* ArticleListCell.swift */; };
		062EAA5D2AF38107009AAE8B /* MainTabBarController.swift in Sources */ = {isa = PBXBuildFile; fileRef = 062EAA512AF38107009AAE8B /* MainTabBarController.swift */; };
		062EAA5E2AF38107009AAE8B /* MainTabBarViewModel.swift in Sources */ = {isa = PBXBuildFile; fileRef = 062EAA522AF38107009AAE8B /* MainTabBarViewModel.swift */; };
		062EAA5F2AF38107009AAE8B /* SourcesViewController.swift in Sources */ = {isa = PBXBuildFile; fileRef = 062EAA542AF38107009AAE8B /* SourcesViewController.swift */; };
		062EAA602AF38107009AAE8B /* SourcesViewModel.swift in Sources */ = {isa = PBXBuildFile; fileRef = 062EAA552AF38107009AAE8B /* SourcesViewModel.swift */; };
		062EAA612AF38107009AAE8B /* SourceListCell.swift in Sources */ = {isa = PBXBuildFile; fileRef = 062EAA562AF38107009AAE8B /* SourceListCell.swift */; };
		062EAA622AF38107009AAE8B /* SavedArticlesViewModel.swift in Sources */ = {isa = PBXBuildFile; fileRef = 062EAA582AF38107009AAE8B /* SavedArticlesViewModel.swift */; };
		062EAA632AF38107009AAE8B /* SavedArticlesViewController.swift in Sources */ = {isa = PBXBuildFile; fileRef = 062EAA592AF38107009AAE8B /* SavedArticlesViewController.swift */; };
		062EAA672AF38129009AAE8B /* ArticleSourceManager.swift in Sources */ = {isa = PBXBuildFile; fileRef = 062EAA652AF38128009AAE8B /* ArticleSourceManager.swift */; };
		062EAA682AF38129009AAE8B /* SavedArticlesManager.swift in Sources */ = {isa = PBXBuildFile; fileRef = 062EAA662AF38128009AAE8B /* SavedArticlesManager.swift */; };
		062EAA722AF38142009AAE8B /* GetSelectedArticleSourcesUseCase.swift in Sources */ = {isa = PBXBuildFile; fileRef = 062EAA6B2AF38142009AAE8B /* GetSelectedArticleSourcesUseCase.swift */; };
		062EAA732AF38142009AAE8B /* RemoveArticleSourceUseCase.swift in Sources */ = {isa = PBXBuildFile; fileRef = 062EAA6C2AF38142009AAE8B /* RemoveArticleSourceUseCase.swift */; };
		062EAA742AF38142009AAE8B /* AddArticleSourceUseCase.swift in Sources */ = {isa = PBXBuildFile; fileRef = 062EAA6D2AF38142009AAE8B /* AddArticleSourceUseCase.swift */; };
		062EAA752AF38142009AAE8B /* AddArticleUseCase.swift in Sources */ = {isa = PBXBuildFile; fileRef = 062EAA6F2AF38142009AAE8B /* AddArticleUseCase.swift */; };
		062EAA762AF38142009AAE8B /* RemoveArticleUseCase.swift in Sources */ = {isa = PBXBuildFile; fileRef = 062EAA702AF38142009AAE8B /* RemoveArticleUseCase.swift */; };
		062EAA772AF38142009AAE8B /* GetSavedArticlesUseCase.swift in Sources */ = {isa = PBXBuildFile; fileRef = 062EAA712AF38142009AAE8B /* GetSavedArticlesUseCase.swift */; };
		062EAA7C2AF38167009AAE8B /* ArticlesRepository.swift in Sources */ = {isa = PBXBuildFile; fileRef = 062EAA792AF38167009AAE8B /* ArticlesRepository.swift */; };
		062EAA7D2AF38167009AAE8B /* SourcesRepository.swift in Sources */ = {isa = PBXBuildFile; fileRef = 062EAA7A2AF38167009AAE8B /* SourcesRepository.swift */; };
		062EAA7E2AF38167009AAE8B /* UserDefaultsRepository.swift in Sources */ = {isa = PBXBuildFile; fileRef = 062EAA7B2AF38167009AAE8B /* UserDefaultsRepository.swift */; };
		062EAA852AF38186009AAE8B /* LKAPIError.swift in Sources */ = {isa = PBXBuildFile; fileRef = 062EAA802AF38186009AAE8B /* LKAPIError.swift */; };
		062EAA862AF38186009AAE8B /* LKRequestData.swift in Sources */ = {isa = PBXBuildFile; fileRef = 062EAA812AF38186009AAE8B /* LKRequestData.swift */; };
		062EAA872AF38186009AAE8B /* LKHttpClient.swift in Sources */ = {isa = PBXBuildFile; fileRef = 062EAA822AF38186009AAE8B /* LKHttpClient.swift */; };
		062EAA882AF38186009AAE8B /* LKApiService.swift in Sources */ = {isa = PBXBuildFile; fileRef = 062EAA832AF38186009AAE8B /* LKApiService.swift */; };
		062EAA892AF38186009AAE8B /* LKNetworkError.swift in Sources */ = {isa = PBXBuildFile; fileRef = 062EAA842AF38186009AAE8B /* LKNetworkError.swift */; };
		062EAA8E2AF381A4009AAE8B /* LKLoadingViewController.swift in Sources */ = {isa = PBXBuildFile; fileRef = 062EAA8C2AF381A4009AAE8B /* LKLoadingViewController.swift */; };
		062EAA8F2AF381A4009AAE8B /* LKAlertViewController.swift in Sources */ = {isa = PBXBuildFile; fileRef = 062EAA8D2AF381A4009AAE8B /* LKAlertViewController.swift */; };
		062EAA962AF381C6009AAE8B /* UIView+Extension.swift in Sources */ = {isa = PBXBuildFile; fileRef = 062EAA912AF381C6009AAE8B /* UIView+Extension.swift */; };
		062EAA972AF381C6009AAE8B /* UIViewController+Extension.swift in Sources */ = {isa = PBXBuildFile; fileRef = 062EAA922AF381C6009AAE8B /* UIViewController+Extension.swift */; };
		062EAA982AF381C6009AAE8B /* String+Extension.swift in Sources */ = {isa = PBXBuildFile; fileRef = 062EAA932AF381C6009AAE8B /* String+Extension.swift */; };
		062EAA992AF381C6009AAE8B /* UICollectionView+Extension.swift in Sources */ = {isa = PBXBuildFile; fileRef = 062EAA942AF381C6009AAE8B /* UICollectionView+Extension.swift */; };
		062EAA9A2AF381C6009AAE8B /* NSCollectionLayoutSection+Extension.swift in Sources */ = {isa = PBXBuildFile; fileRef = 062EAA952AF381C6009AAE8B /* NSCollectionLayoutSection+Extension.swift */; };
		062EAA9D2AF382F2009AAE8B /* LKRequestDataTests.swift in Sources */ = {isa = PBXBuildFile; fileRef = 062EAA9C2AF382F2009AAE8B /* LKRequestDataTests.swift */; };
		062EAA9F2AF38378009AAE8B /* LKHttpClientTests.swift in Sources */ = {isa = PBXBuildFile; fileRef = 062EAA9E2AF38378009AAE8B /* LKHttpClientTests.swift */; };
		062EAAA42AF38B04009AAE8B /* LKApiServiceTests.swift in Sources */ = {isa = PBXBuildFile; fileRef = 062EAAA32AF38B04009AAE8B /* LKApiServiceTests.swift */; };
		062EAAA72AF38D0A009AAE8B /* UserDefaultsRepositoryTests.swift in Sources */ = {isa = PBXBuildFile; fileRef = 062EAAA62AF38D0A009AAE8B /* UserDefaultsRepositoryTests.swift */; };
		062EAAA92AF39001009AAE8B /* ArticlesRepositoryTests.swift in Sources */ = {isa = PBXBuildFile; fileRef = 062EAAA82AF39001009AAE8B /* ArticlesRepositoryTests.swift */; };
		062EAAAB2AF39132009AAE8B /* SourcesRepositoryTests.swift in Sources */ = {isa = PBXBuildFile; fileRef = 062EAAAA2AF39132009AAE8B /* SourcesRepositoryTests.swift */; };
		062EAAB02AF3962F009AAE8B /* HeadlinesViewModelTests.swift in Sources */ = {isa = PBXBuildFile; fileRef = 062EAAAF2AF3962F009AAE8B /* HeadlinesViewModelTests.swift */; };
		062EAAB22AF3C77F009AAE8B /* SourcesViewModelTests.swift in Sources */ = {isa = PBXBuildFile; fileRef = 062EAAB12AF3C77F009AAE8B /* SourcesViewModelTests.swift */; };
		062EAAB42AF3C949009AAE8B /* SavedArticlesViewModelTests.swift in Sources */ = {isa = PBXBuildFile; fileRef = 062EAAB32AF3C949009AAE8B /* SavedArticlesViewModelTests.swift */; };
		06EDCC492AF495B500BC8294 /* Readme.md in Resources */ = {isa = PBXBuildFile; fileRef = 06EDCC482AF495B400BC8294 /* Readme.md */; };
		A69962E009C236622A446FF9 /* Pods_LukeNewsApp.framework in Frameworks */ = {isa = PBXBuildFile; fileRef = 0C290914FFD3E2CC029764CD /* Pods_LukeNewsApp.framework */; };
		BA575F1CF765754F68F095E9 /* Pods_LukeNewsAppTests.framework in Frameworks */ = {isa = PBXBuildFile; fileRef = B46B3C7B1EEB2D2C3B18F82F /* Pods_LukeNewsAppTests.framework */; };
		BC857504DE3ED6368647E2DC /* Pods_LukeNewsApp_LukeNewsAppUITests.framework in Frameworks */ = {isa = PBXBuildFile; fileRef = 98BF27BB60271E5CD78861B0 /* Pods_LukeNewsApp_LukeNewsAppUITests.framework */; };
/* End PBXBuildFile section */

/* Begin PBXContainerItemProxy section */
		062EAA262AF37F65009AAE8B /* PBXContainerItemProxy */ = {
			isa = PBXContainerItemProxy;
			containerPortal = 062EAA072AF37F65009AAE8B /* Project object */;
			proxyType = 1;
			remoteGlobalIDString = 062EAA0E2AF37F65009AAE8B;
			remoteInfo = LukeNewsApp;
		};
		062EAA302AF37F65009AAE8B /* PBXContainerItemProxy */ = {
			isa = PBXContainerItemProxy;
			containerPortal = 062EAA072AF37F65009AAE8B /* Project object */;
			proxyType = 1;
			remoteGlobalIDString = 062EAA0E2AF37F65009AAE8B;
			remoteInfo = LukeNewsApp;
		};
/* End PBXContainerItemProxy section */

/* Begin PBXFileReference section */
		062EAA0F2AF37F65009AAE8B /* LukeNewsApp.app */ = {isa = PBXFileReference; explicitFileType = wrapper.application; includeInIndex = 0; path = LukeNewsApp.app; sourceTree = BUILT_PRODUCTS_DIR; };
		062EAA122AF37F65009AAE8B /* AppDelegate.swift */ = {isa = PBXFileReference; lastKnownFileType = sourcecode.swift; path = AppDelegate.swift; sourceTree = "<group>"; };
		062EAA142AF37F65009AAE8B /* SceneDelegate.swift */ = {isa = PBXFileReference; lastKnownFileType = sourcecode.swift; path = SceneDelegate.swift; sourceTree = "<group>"; };
		062EAA1B2AF37F65009AAE8B /* Assets.xcassets */ = {isa = PBXFileReference; lastKnownFileType = folder.assetcatalog; path = Assets.xcassets; sourceTree = "<group>"; };
		062EAA1E2AF37F65009AAE8B /* Base */ = {isa = PBXFileReference; lastKnownFileType = file.storyboard; name = Base; path = Base.lproj/LaunchScreen.storyboard; sourceTree = "<group>"; };
		062EAA202AF37F65009AAE8B /* Info.plist */ = {isa = PBXFileReference; lastKnownFileType = text.plist.xml; path = Info.plist; sourceTree = "<group>"; };
		062EAA252AF37F65009AAE8B /* LukeNewsAppTests.xctest */ = {isa = PBXFileReference; explicitFileType = wrapper.cfbundle; includeInIndex = 0; path = LukeNewsAppTests.xctest; sourceTree = BUILT_PRODUCTS_DIR; };
		062EAA292AF37F65009AAE8B /* LukeNewsAppTests.swift */ = {isa = PBXFileReference; lastKnownFileType = sourcecode.swift; path = LukeNewsAppTests.swift; sourceTree = "<group>"; };
		062EAA2F2AF37F65009AAE8B /* LukeNewsAppUITests.xctest */ = {isa = PBXFileReference; explicitFileType = wrapper.cfbundle; includeInIndex = 0; path = LukeNewsAppUITests.xctest; sourceTree = BUILT_PRODUCTS_DIR; };
		062EAA332AF37F65009AAE8B /* LukeNewsAppUITests.swift */ = {isa = PBXFileReference; lastKnownFileType = sourcecode.swift; path = LukeNewsAppUITests.swift; sourceTree = "<group>"; };
		062EAA352AF37F65009AAE8B /* LukeNewsAppUITestsLaunchTests.swift */ = {isa = PBXFileReference; lastKnownFileType = sourcecode.swift; path = LukeNewsAppUITestsLaunchTests.swift; sourceTree = "<group>"; };
		062EAA432AF37FF4009AAE8B /* Article.swift */ = {isa = PBXFileReference; lastKnownFileType = sourcecode.swift; path = Article.swift; sourceTree = "<group>"; };
		062EAA452AF380A5009AAE8B /* Source.swift */ = {isa = PBXFileReference; lastKnownFileType = sourcecode.swift; path = Source.swift; sourceTree = "<group>"; };
		062EAA472AF380B6009AAE8B /* ArticleCellContent.swift */ = {isa = PBXFileReference; lastKnownFileType = sourcecode.swift; path = ArticleCellContent.swift; sourceTree = "<group>"; };
		062EAA492AF380CB009AAE8B /* SourceCellContent.swift */ = {isa = PBXFileReference; lastKnownFileType = sourcecode.swift; path = SourceCellContent.swift; sourceTree = "<group>"; };
		062EAA4D2AF38107009AAE8B /* HeadlinesViewModel.swift */ = {isa = PBXFileReference; fileEncoding = 4; lastKnownFileType = sourcecode.swift; path = HeadlinesViewModel.swift; sourceTree = "<group>"; };
		062EAA4E2AF38107009AAE8B /* HeadlinesViewController.swift */ = {isa = PBXFileReference; fileEncoding = 4; lastKnownFileType = sourcecode.swift; path = HeadlinesViewController.swift; sourceTree = "<group>"; };
		062EAA4F2AF38107009AAE8B /* ArticleListCell.swift */ = {isa = PBXFileReference; fileEncoding = 4; lastKnownFileType = sourcecode.swift; path = ArticleListCell.swift; sourceTree = "<group>"; };
		062EAA512AF38107009AAE8B /* MainTabBarController.swift */ = {isa = PBXFileReference; fileEncoding = 4; lastKnownFileType = sourcecode.swift; path = MainTabBarController.swift; sourceTree = "<group>"; };
		062EAA522AF38107009AAE8B /* MainTabBarViewModel.swift */ = {isa = PBXFileReference; fileEncoding = 4; lastKnownFileType = sourcecode.swift; path = MainTabBarViewModel.swift; sourceTree = "<group>"; };
		062EAA542AF38107009AAE8B /* SourcesViewController.swift */ = {isa = PBXFileReference; fileEncoding = 4; lastKnownFileType = sourcecode.swift; path = SourcesViewController.swift; sourceTree = "<group>"; };
		062EAA552AF38107009AAE8B /* SourcesViewModel.swift */ = {isa = PBXFileReference; fileEncoding = 4; lastKnownFileType = sourcecode.swift; path = SourcesViewModel.swift; sourceTree = "<group>"; };
		062EAA562AF38107009AAE8B /* SourceListCell.swift */ = {isa = PBXFileReference; fileEncoding = 4; lastKnownFileType = sourcecode.swift; path = SourceListCell.swift; sourceTree = "<group>"; };
		062EAA582AF38107009AAE8B /* SavedArticlesViewModel.swift */ = {isa = PBXFileReference; fileEncoding = 4; lastKnownFileType = sourcecode.swift; path = SavedArticlesViewModel.swift; sourceTree = "<group>"; };
		062EAA592AF38107009AAE8B /* SavedArticlesViewController.swift */ = {isa = PBXFileReference; fileEncoding = 4; lastKnownFileType = sourcecode.swift; path = SavedArticlesViewController.swift; sourceTree = "<group>"; };
		062EAA652AF38128009AAE8B /* ArticleSourceManager.swift */ = {isa = PBXFileReference; fileEncoding = 4; lastKnownFileType = sourcecode.swift; path = ArticleSourceManager.swift; sourceTree = "<group>"; };
		062EAA662AF38128009AAE8B /* SavedArticlesManager.swift */ = {isa = PBXFileReference; fileEncoding = 4; lastKnownFileType = sourcecode.swift; path = SavedArticlesManager.swift; sourceTree = "<group>"; };
		062EAA6B2AF38142009AAE8B /* GetSelectedArticleSourcesUseCase.swift */ = {isa = PBXFileReference; fileEncoding = 4; lastKnownFileType = sourcecode.swift; path = GetSelectedArticleSourcesUseCase.swift; sourceTree = "<group>"; };
		062EAA6C2AF38142009AAE8B /* RemoveArticleSourceUseCase.swift */ = {isa = PBXFileReference; fileEncoding = 4; lastKnownFileType = sourcecode.swift; path = RemoveArticleSourceUseCase.swift; sourceTree = "<group>"; };
		062EAA6D2AF38142009AAE8B /* AddArticleSourceUseCase.swift */ = {isa = PBXFileReference; fileEncoding = 4; lastKnownFileType = sourcecode.swift; path = AddArticleSourceUseCase.swift; sourceTree = "<group>"; };
		062EAA6F2AF38142009AAE8B /* AddArticleUseCase.swift */ = {isa = PBXFileReference; fileEncoding = 4; lastKnownFileType = sourcecode.swift; path = AddArticleUseCase.swift; sourceTree = "<group>"; };
		062EAA702AF38142009AAE8B /* RemoveArticleUseCase.swift */ = {isa = PBXFileReference; fileEncoding = 4; lastKnownFileType = sourcecode.swift; path = RemoveArticleUseCase.swift; sourceTree = "<group>"; };
		062EAA712AF38142009AAE8B /* GetSavedArticlesUseCase.swift */ = {isa = PBXFileReference; fileEncoding = 4; lastKnownFileType = sourcecode.swift; path = GetSavedArticlesUseCase.swift; sourceTree = "<group>"; };
		062EAA792AF38167009AAE8B /* ArticlesRepository.swift */ = {isa = PBXFileReference; fileEncoding = 4; lastKnownFileType = sourcecode.swift; path = ArticlesRepository.swift; sourceTree = "<group>"; };
		062EAA7A2AF38167009AAE8B /* SourcesRepository.swift */ = {isa = PBXFileReference; fileEncoding = 4; lastKnownFileType = sourcecode.swift; path = SourcesRepository.swift; sourceTree = "<group>"; };
		062EAA7B2AF38167009AAE8B /* UserDefaultsRepository.swift */ = {isa = PBXFileReference; fileEncoding = 4; lastKnownFileType = sourcecode.swift; path = UserDefaultsRepository.swift; sourceTree = "<group>"; };
		062EAA802AF38186009AAE8B /* LKAPIError.swift */ = {isa = PBXFileReference; fileEncoding = 4; lastKnownFileType = sourcecode.swift; path = LKAPIError.swift; sourceTree = "<group>"; };
		062EAA812AF38186009AAE8B /* LKRequestData.swift */ = {isa = PBXFileReference; fileEncoding = 4; lastKnownFileType = sourcecode.swift; path = LKRequestData.swift; sourceTree = "<group>"; };
		062EAA822AF38186009AAE8B /* LKHttpClient.swift */ = {isa = PBXFileReference; fileEncoding = 4; lastKnownFileType = sourcecode.swift; path = LKHttpClient.swift; sourceTree = "<group>"; };
		062EAA832AF38186009AAE8B /* LKApiService.swift */ = {isa = PBXFileReference; fileEncoding = 4; lastKnownFileType = sourcecode.swift; path = LKApiService.swift; sourceTree = "<group>"; };
		062EAA842AF38186009AAE8B /* LKNetworkError.swift */ = {isa = PBXFileReference; fileEncoding = 4; lastKnownFileType = sourcecode.swift; path = LKNetworkError.swift; sourceTree = "<group>"; };
		062EAA8C2AF381A4009AAE8B /* LKLoadingViewController.swift */ = {isa = PBXFileReference; fileEncoding = 4; lastKnownFileType = sourcecode.swift; path = LKLoadingViewController.swift; sourceTree = "<group>"; };
		062EAA8D2AF381A4009AAE8B /* LKAlertViewController.swift */ = {isa = PBXFileReference; fileEncoding = 4; lastKnownFileType = sourcecode.swift; path = LKAlertViewController.swift; sourceTree = "<group>"; };
		062EAA912AF381C6009AAE8B /* UIView+Extension.swift */ = {isa = PBXFileReference; fileEncoding = 4; lastKnownFileType = sourcecode.swift; path = "UIView+Extension.swift"; sourceTree = "<group>"; };
		062EAA922AF381C6009AAE8B /* UIViewController+Extension.swift */ = {isa = PBXFileReference; fileEncoding = 4; lastKnownFileType = sourcecode.swift; path = "UIViewController+Extension.swift"; sourceTree = "<group>"; };
		062EAA932AF381C6009AAE8B /* String+Extension.swift */ = {isa = PBXFileReference; fileEncoding = 4; lastKnownFileType = sourcecode.swift; path = "String+Extension.swift"; sourceTree = "<group>"; };
		062EAA942AF381C6009AAE8B /* UICollectionView+Extension.swift */ = {isa = PBXFileReference; fileEncoding = 4; lastKnownFileType = sourcecode.swift; path = "UICollectionView+Extension.swift"; sourceTree = "<group>"; };
		062EAA952AF381C6009AAE8B /* NSCollectionLayoutSection+Extension.swift */ = {isa = PBXFileReference; fileEncoding = 4; lastKnownFileType = sourcecode.swift; path = "NSCollectionLayoutSection+Extension.swift"; sourceTree = "<group>"; };
		062EAA9C2AF382F2009AAE8B /* LKRequestDataTests.swift */ = {isa = PBXFileReference; lastKnownFileType = sourcecode.swift; path = LKRequestDataTests.swift; sourceTree = "<group>"; };
		062EAA9E2AF38378009AAE8B /* LKHttpClientTests.swift */ = {isa = PBXFileReference; lastKnownFileType = sourcecode.swift; path = LKHttpClientTests.swift; sourceTree = "<group>"; };
		062EAAA32AF38B04009AAE8B /* LKApiServiceTests.swift */ = {isa = PBXFileReference; lastKnownFileType = sourcecode.swift; path = LKApiServiceTests.swift; sourceTree = "<group>"; };
		062EAAA62AF38D0A009AAE8B /* UserDefaultsRepositoryTests.swift */ = {isa = PBXFileReference; lastKnownFileType = sourcecode.swift; path = UserDefaultsRepositoryTests.swift; sourceTree = "<group>"; };
		062EAAA82AF39001009AAE8B /* ArticlesRepositoryTests.swift */ = {isa = PBXFileReference; lastKnownFileType = sourcecode.swift; path = ArticlesRepositoryTests.swift; sourceTree = "<group>"; };
		062EAAAA2AF39132009AAE8B /* SourcesRepositoryTests.swift */ = {isa = PBXFileReference; lastKnownFileType = sourcecode.swift; path = SourcesRepositoryTests.swift; sourceTree = "<group>"; };
		062EAAAF2AF3962F009AAE8B /* HeadlinesViewModelTests.swift */ = {isa = PBXFileReference; lastKnownFileType = sourcecode.swift; path = HeadlinesViewModelTests.swift; sourceTree = "<group>"; };
		062EAAB12AF3C77F009AAE8B /* SourcesViewModelTests.swift */ = {isa = PBXFileReference; lastKnownFileType = sourcecode.swift; path = SourcesViewModelTests.swift; sourceTree = "<group>"; };
		062EAAB32AF3C949009AAE8B /* SavedArticlesViewModelTests.swift */ = {isa = PBXFileReference; lastKnownFileType = sourcecode.swift; path = SavedArticlesViewModelTests.swift; sourceTree = "<group>"; };
		06EDCC482AF495B400BC8294 /* Readme.md */ = {isa = PBXFileReference; fileEncoding = 4; lastKnownFileType = net.daringfireball.markdown; path = Readme.md; sourceTree = SOURCE_ROOT; };
		0C290914FFD3E2CC029764CD /* Pods_LukeNewsApp.framework */ = {isa = PBXFileReference; explicitFileType = wrapper.framework; includeInIndex = 0; path = Pods_LukeNewsApp.framework; sourceTree = BUILT_PRODUCTS_DIR; };
		70058B29CD1771D5EB68BEC2 /* Pods-LukeNewsAppTests.release.xcconfig */ = {isa = PBXFileReference; includeInIndex = 1; lastKnownFileType = text.xcconfig; name = "Pods-LukeNewsAppTests.release.xcconfig"; path = "Target Support Files/Pods-LukeNewsAppTests/Pods-LukeNewsAppTests.release.xcconfig"; sourceTree = "<group>"; };
		75052DF44AD61110EF2BEE92 /* Pods-LukeNewsAppTests.debug.xcconfig */ = {isa = PBXFileReference; includeInIndex = 1; lastKnownFileType = text.xcconfig; name = "Pods-LukeNewsAppTests.debug.xcconfig"; path = "Target Support Files/Pods-LukeNewsAppTests/Pods-LukeNewsAppTests.debug.xcconfig"; sourceTree = "<group>"; };
		98BF27BB60271E5CD78861B0 /* Pods_LukeNewsApp_LukeNewsAppUITests.framework */ = {isa = PBXFileReference; explicitFileType = wrapper.framework; includeInIndex = 0; path = Pods_LukeNewsApp_LukeNewsAppUITests.framework; sourceTree = BUILT_PRODUCTS_DIR; };
		AD97BEA7E70B41E5CE9A4B4F /* Pods-LukeNewsApp-LukeNewsAppUITests.debug.xcconfig */ = {isa = PBXFileReference; includeInIndex = 1; lastKnownFileType = text.xcconfig; name = "Pods-LukeNewsApp-LukeNewsAppUITests.debug.xcconfig"; path = "Target Support Files/Pods-LukeNewsApp-LukeNewsAppUITests/Pods-LukeNewsApp-LukeNewsAppUITests.debug.xcconfig"; sourceTree = "<group>"; };
		B120132A8A422DE95A686455 /* Pods-LukeNewsApp.debug.xcconfig */ = {isa = PBXFileReference; includeInIndex = 1; lastKnownFileType = text.xcconfig; name = "Pods-LukeNewsApp.debug.xcconfig"; path = "Target Support Files/Pods-LukeNewsApp/Pods-LukeNewsApp.debug.xcconfig"; sourceTree = "<group>"; };
		B46B3C7B1EEB2D2C3B18F82F /* Pods_LukeNewsAppTests.framework */ = {isa = PBXFileReference; explicitFileType = wrapper.framework; includeInIndex = 0; path = Pods_LukeNewsAppTests.framework; sourceTree = BUILT_PRODUCTS_DIR; };
		BA8C7F582DC9F9B71A8D7014 /* Pods-LukeNewsApp.release.xcconfig */ = {isa = PBXFileReference; includeInIndex = 1; lastKnownFileType = text.xcconfig; name = "Pods-LukeNewsApp.release.xcconfig"; path = "Target Support Files/Pods-LukeNewsApp/Pods-LukeNewsApp.release.xcconfig"; sourceTree = "<group>"; };
		C65AE08964274F71F17D7CBD /* Pods-LukeNewsApp-LukeNewsAppUITests.release.xcconfig */ = {isa = PBXFileReference; includeInIndex = 1; lastKnownFileType = text.xcconfig; name = "Pods-LukeNewsApp-LukeNewsAppUITests.release.xcconfig"; path = "Target Support Files/Pods-LukeNewsApp-LukeNewsAppUITests/Pods-LukeNewsApp-LukeNewsAppUITests.release.xcconfig"; sourceTree = "<group>"; };
/* End PBXFileReference section */

/* Begin PBXFrameworksBuildPhase section */
		062EAA0C2AF37F65009AAE8B /* Frameworks */ = {
			isa = PBXFrameworksBuildPhase;
			buildActionMask = 2147483647;
			files = (
				A69962E009C236622A446FF9 /* Pods_LukeNewsApp.framework in Frameworks */,
			);
			runOnlyForDeploymentPostprocessing = 0;
		};
		062EAA222AF37F65009AAE8B /* Frameworks */ = {
			isa = PBXFrameworksBuildPhase;
			buildActionMask = 2147483647;
			files = (
				BA575F1CF765754F68F095E9 /* Pods_LukeNewsAppTests.framework in Frameworks */,
			);
			runOnlyForDeploymentPostprocessing = 0;
		};
		062EAA2C2AF37F65009AAE8B /* Frameworks */ = {
			isa = PBXFrameworksBuildPhase;
			buildActionMask = 2147483647;
			files = (
				BC857504DE3ED6368647E2DC /* Pods_LukeNewsApp_LukeNewsAppUITests.framework in Frameworks */,
			);
			runOnlyForDeploymentPostprocessing = 0;
		};
/* End PBXFrameworksBuildPhase section */

/* Begin PBXGroup section */
		062EAA062AF37F65009AAE8B = {
			isa = PBXGroup;
			children = (
				062EAA112AF37F65009AAE8B /* LukeNewsApp */,
				062EAA282AF37F65009AAE8B /* LukeNewsAppTests */,
				062EAA322AF37F65009AAE8B /* LukeNewsAppUITests */,
				062EAA102AF37F65009AAE8B /* Products */,
				EF4D5F9796A80C1C78BBAF5F /* Pods */,
				1851E7EADC7AC3E94A26E291 /* Frameworks */,
			);
			sourceTree = "<group>";
		};
		062EAA102AF37F65009AAE8B /* Products */ = {
			isa = PBXGroup;
			children = (
				062EAA0F2AF37F65009AAE8B /* LukeNewsApp.app */,
				062EAA252AF37F65009AAE8B /* LukeNewsAppTests.xctest */,
				062EAA2F2AF37F65009AAE8B /* LukeNewsAppUITests.xctest */,
			);
			name = Products;
			sourceTree = "<group>";
		};
		062EAA112AF37F65009AAE8B /* LukeNewsApp */ = {
			isa = PBXGroup;
			children = (
				06EDCC482AF495B400BC8294 /* Readme.md */,
				062EAA902AF381C6009AAE8B /* Extensions */,
				062EAA8A2AF381A4009AAE8B /* Utilities */,
				062EAA7F2AF38186009AAE8B /* Networking */,
				062EAA782AF38167009AAE8B /* Repositories */,
				062EAA692AF38142009AAE8B /* UseCases */,
				062EAA642AF38128009AAE8B /* Managers */,
				062EAA4B2AF38107009AAE8B /* Scenes */,
				062EAA422AF37FE2009AAE8B /* Models */,
				062EAA122AF37F65009AAE8B /* AppDelegate.swift */,
				062EAA142AF37F65009AAE8B /* SceneDelegate.swift */,
				062EAA1B2AF37F65009AAE8B /* Assets.xcassets */,
				062EAA1D2AF37F65009AAE8B /* LaunchScreen.storyboard */,
				062EAA202AF37F65009AAE8B /* Info.plist */,
			);
			path = LukeNewsApp;
			sourceTree = "<group>";
		};
		062EAA282AF37F65009AAE8B /* LukeNewsAppTests */ = {
			isa = PBXGroup;
			children = (
				062EAAAC2AF391FF009AAE8B /* ViewModels */,
				062EAAA52AF38CD7009AAE8B /* Repositories */,
				062EAA9B2AF382C7009AAE8B /* Networking */,
				062EAA292AF37F65009AAE8B /* LukeNewsAppTests.swift */,
			);
			path = LukeNewsAppTests;
			sourceTree = "<group>";
		};
		062EAA322AF37F65009AAE8B /* LukeNewsAppUITests */ = {
			isa = PBXGroup;
			children = (
				062EAA332AF37F65009AAE8B /* LukeNewsAppUITests.swift */,
				062EAA352AF37F65009AAE8B /* LukeNewsAppUITestsLaunchTests.swift */,
			);
			path = LukeNewsAppUITests;
			sourceTree = "<group>";
		};
		062EAA422AF37FE2009AAE8B /* Models */ = {
			isa = PBXGroup;
			children = (
				062EAA432AF37FF4009AAE8B /* Article.swift */,
				062EAA452AF380A5009AAE8B /* Source.swift */,
				062EAA472AF380B6009AAE8B /* ArticleCellContent.swift */,
				062EAA492AF380CB009AAE8B /* SourceCellContent.swift */,
			);
			path = Models;
			sourceTree = "<group>";
		};
		062EAA4B2AF38107009AAE8B /* Scenes */ = {
			isa = PBXGroup;
			children = (
				062EAA8C2AF381A4009AAE8B /* LKLoadingViewController.swift */,
				062EAA502AF38107009AAE8B /* TabBar */,
				062EAA4C2AF38107009AAE8B /* Headlines */,
				062EAA532AF38107009AAE8B /* Sources */,
				062EAA572AF38107009AAE8B /* SavedArticles */,
			);
			path = Scenes;
			sourceTree = "<group>";
		};
		062EAA4C2AF38107009AAE8B /* Headlines */ = {
			isa = PBXGroup;
			children = (
				062EAA4D2AF38107009AAE8B /* HeadlinesViewModel.swift */,
				062EAA4E2AF38107009AAE8B /* HeadlinesViewController.swift */,
				062EAA4F2AF38107009AAE8B /* ArticleListCell.swift */,
			);
			path = Headlines;
			sourceTree = "<group>";
		};
		062EAA502AF38107009AAE8B /* TabBar */ = {
			isa = PBXGroup;
			children = (
				062EAA512AF38107009AAE8B /* MainTabBarController.swift */,
				062EAA522AF38107009AAE8B /* MainTabBarViewModel.swift */,
			);
			path = TabBar;
			sourceTree = "<group>";
		};
		062EAA532AF38107009AAE8B /* Sources */ = {
			isa = PBXGroup;
			children = (
				062EAA542AF38107009AAE8B /* SourcesViewController.swift */,
				062EAA552AF38107009AAE8B /* SourcesViewModel.swift */,
				062EAA562AF38107009AAE8B /* SourceListCell.swift */,
			);
			path = Sources;
			sourceTree = "<group>";
		};
		062EAA572AF38107009AAE8B /* SavedArticles */ = {
			isa = PBXGroup;
			children = (
				062EAA582AF38107009AAE8B /* SavedArticlesViewModel.swift */,
				062EAA592AF38107009AAE8B /* SavedArticlesViewController.swift */,
			);
			path = SavedArticles;
			sourceTree = "<group>";
		};
		062EAA642AF38128009AAE8B /* Managers */ = {
			isa = PBXGroup;
			children = (
				062EAA652AF38128009AAE8B /* ArticleSourceManager.swift */,
				062EAA662AF38128009AAE8B /* SavedArticlesManager.swift */,
			);
			path = Managers;
			sourceTree = "<group>";
		};
		062EAA692AF38142009AAE8B /* UseCases */ = {
			isa = PBXGroup;
			children = (
				062EAA6A2AF38142009AAE8B /* Source */,
				062EAA6E2AF38142009AAE8B /* Article */,
			);
			path = UseCases;
			sourceTree = "<group>";
		};
		062EAA6A2AF38142009AAE8B /* Source */ = {
			isa = PBXGroup;
			children = (
				062EAA6B2AF38142009AAE8B /* GetSelectedArticleSourcesUseCase.swift */,
				062EAA6C2AF38142009AAE8B /* RemoveArticleSourceUseCase.swift */,
				062EAA6D2AF38142009AAE8B /* AddArticleSourceUseCase.swift */,
			);
			path = Source;
			sourceTree = "<group>";
		};
		062EAA6E2AF38142009AAE8B /* Article */ = {
			isa = PBXGroup;
			children = (
				062EAA6F2AF38142009AAE8B /* AddArticleUseCase.swift */,
				062EAA702AF38142009AAE8B /* RemoveArticleUseCase.swift */,
				062EAA712AF38142009AAE8B /* GetSavedArticlesUseCase.swift */,
			);
			path = Article;
			sourceTree = "<group>";
		};
		062EAA782AF38167009AAE8B /* Repositories */ = {
			isa = PBXGroup;
			children = (
				062EAA792AF38167009AAE8B /* ArticlesRepository.swift */,
				062EAA7A2AF38167009AAE8B /* SourcesRepository.swift */,
				062EAA7B2AF38167009AAE8B /* UserDefaultsRepository.swift */,
			);
			path = Repositories;
			sourceTree = "<group>";
		};
		062EAA7F2AF38186009AAE8B /* Networking */ = {
			isa = PBXGroup;
			children = (
				062EAA802AF38186009AAE8B /* LKAPIError.swift */,
				062EAA812AF38186009AAE8B /* LKRequestData.swift */,
				062EAA822AF38186009AAE8B /* LKHttpClient.swift */,
				062EAA832AF38186009AAE8B /* LKApiService.swift */,
				062EAA842AF38186009AAE8B /* LKNetworkError.swift */,
			);
			path = Networking;
			sourceTree = "<group>";
		};
		062EAA8A2AF381A4009AAE8B /* Utilities */ = {
			isa = PBXGroup;
			children = (
				062EAA8B2AF381A4009AAE8B /* ViewControllers */,
			);
			path = Utilities;
			sourceTree = "<group>";
		};
		062EAA8B2AF381A4009AAE8B /* ViewControllers */ = {
			isa = PBXGroup;
			children = (
				062EAA8D2AF381A4009AAE8B /* LKAlertViewController.swift */,
			);
			path = ViewControllers;
			sourceTree = "<group>";
		};
		062EAA902AF381C6009AAE8B /* Extensions */ = {
			isa = PBXGroup;
			children = (
				062EAA912AF381C6009AAE8B /* UIView+Extension.swift */,
				062EAA922AF381C6009AAE8B /* UIViewController+Extension.swift */,
				062EAA932AF381C6009AAE8B /* String+Extension.swift */,
				062EAA942AF381C6009AAE8B /* UICollectionView+Extension.swift */,
				062EAA952AF381C6009AAE8B /* NSCollectionLayoutSection+Extension.swift */,
			);
			path = Extensions;
			sourceTree = "<group>";
		};
		062EAA9B2AF382C7009AAE8B /* Networking */ = {
			isa = PBXGroup;
			children = (
				062EAA9C2AF382F2009AAE8B /* LKRequestDataTests.swift */,
				062EAA9E2AF38378009AAE8B /* LKHttpClientTests.swift */,
				062EAAA32AF38B04009AAE8B /* LKApiServiceTests.swift */,
			);
			path = Networking;
			sourceTree = "<group>";
		};
		062EAAA52AF38CD7009AAE8B /* Repositories */ = {
			isa = PBXGroup;
			children = (
				062EAAA62AF38D0A009AAE8B /* UserDefaultsRepositoryTests.swift */,
				062EAAA82AF39001009AAE8B /* ArticlesRepositoryTests.swift */,
				062EAAAA2AF39132009AAE8B /* SourcesRepositoryTests.swift */,
			);
			path = Repositories;
			sourceTree = "<group>";
		};
		062EAAAC2AF391FF009AAE8B /* ViewModels */ = {
			isa = PBXGroup;
			children = (
				062EAAAF2AF3962F009AAE8B /* HeadlinesViewModelTests.swift */,
				062EAAB12AF3C77F009AAE8B /* SourcesViewModelTests.swift */,
				062EAAB32AF3C949009AAE8B /* SavedArticlesViewModelTests.swift */,
			);
			path = ViewModels;
			sourceTree = "<group>";
		};
		1851E7EADC7AC3E94A26E291 /* Frameworks */ = {
			isa = PBXGroup;
			children = (
				0C290914FFD3E2CC029764CD /* Pods_LukeNewsApp.framework */,
				98BF27BB60271E5CD78861B0 /* Pods_LukeNewsApp_LukeNewsAppUITests.framework */,
				B46B3C7B1EEB2D2C3B18F82F /* Pods_LukeNewsAppTests.framework */,
			);
			name = Frameworks;
			sourceTree = "<group>";
		};
		EF4D5F9796A80C1C78BBAF5F /* Pods */ = {
			isa = PBXGroup;
			children = (
				B120132A8A422DE95A686455 /* Pods-LukeNewsApp.debug.xcconfig */,
				BA8C7F582DC9F9B71A8D7014 /* Pods-LukeNewsApp.release.xcconfig */,
				AD97BEA7E70B41E5CE9A4B4F /* Pods-LukeNewsApp-LukeNewsAppUITests.debug.xcconfig */,
				C65AE08964274F71F17D7CBD /* Pods-LukeNewsApp-LukeNewsAppUITests.release.xcconfig */,
				75052DF44AD61110EF2BEE92 /* Pods-LukeNewsAppTests.debug.xcconfig */,
				70058B29CD1771D5EB68BEC2 /* Pods-LukeNewsAppTests.release.xcconfig */,
			);
			path = Pods;
			sourceTree = "<group>";
		};
/* End PBXGroup section */

/* Begin PBXNativeTarget section */
		062EAA0E2AF37F65009AAE8B /* LukeNewsApp */ = {
			isa = PBXNativeTarget;
			buildConfigurationList = 062EAA392AF37F65009AAE8B /* Build configuration list for PBXNativeTarget "LukeNewsApp" */;
			buildPhases = (
				4EFB50B6A8D51B9242D3A398 /* [CP] Check Pods Manifest.lock */,
				062EAA0B2AF37F65009AAE8B /* Sources */,
				062EAA0C2AF37F65009AAE8B /* Frameworks */,
				062EAA0D2AF37F65009AAE8B /* Resources */,
				FEBE56A841BCDD63F01AB64E /* [CP] Embed Pods Frameworks */,
			);
			buildRules = (
			);
			dependencies = (
			);
			name = LukeNewsApp;
			productName = LukeNewsApp;
			productReference = 062EAA0F2AF37F65009AAE8B /* LukeNewsApp.app */;
			productType = "com.apple.product-type.application";
		};
		062EAA242AF37F65009AAE8B /* LukeNewsAppTests */ = {
			isa = PBXNativeTarget;
			buildConfigurationList = 062EAA3C2AF37F65009AAE8B /* Build configuration list for PBXNativeTarget "LukeNewsAppTests" */;
			buildPhases = (
				28F14C3EB5BF9AD6C63C717D /* [CP] Check Pods Manifest.lock */,
				062EAA212AF37F65009AAE8B /* Sources */,
				062EAA222AF37F65009AAE8B /* Frameworks */,
				062EAA232AF37F65009AAE8B /* Resources */,
			);
			buildRules = (
			);
			dependencies = (
				062EAA272AF37F65009AAE8B /* PBXTargetDependency */,
			);
			name = LukeNewsAppTests;
			productName = LukeNewsAppTests;
			productReference = 062EAA252AF37F65009AAE8B /* LukeNewsAppTests.xctest */;
			productType = "com.apple.product-type.bundle.unit-test";
		};
		062EAA2E2AF37F65009AAE8B /* LukeNewsAppUITests */ = {
			isa = PBXNativeTarget;
			buildConfigurationList = 062EAA3F2AF37F65009AAE8B /* Build configuration list for PBXNativeTarget "LukeNewsAppUITests" */;
			buildPhases = (
				894A55982AEDD828132BF035 /* [CP] Check Pods Manifest.lock */,
				062EAA2B2AF37F65009AAE8B /* Sources */,
				062EAA2C2AF37F65009AAE8B /* Frameworks */,
				062EAA2D2AF37F65009AAE8B /* Resources */,
				61E904B0D22D60892DE6348A /* [CP] Embed Pods Frameworks */,
			);
			buildRules = (
			);
			dependencies = (
				062EAA312AF37F65009AAE8B /* PBXTargetDependency */,
			);
			name = LukeNewsAppUITests;
			productName = LukeNewsAppUITests;
			productReference = 062EAA2F2AF37F65009AAE8B /* LukeNewsAppUITests.xctest */;
			productType = "com.apple.product-type.bundle.ui-testing";
		};
/* End PBXNativeTarget section */

/* Begin PBXProject section */
		062EAA072AF37F65009AAE8B /* Project object */ = {
			isa = PBXProject;
			attributes = {
				BuildIndependentTargetsInParallel = 1;
				LastSwiftUpdateCheck = 1430;
				LastUpgradeCheck = 1430;
				TargetAttributes = {
					062EAA0E2AF37F65009AAE8B = {
						CreatedOnToolsVersion = 14.3.1;
					};
					062EAA242AF37F65009AAE8B = {
						CreatedOnToolsVersion = 14.3.1;
						TestTargetID = 062EAA0E2AF37F65009AAE8B;
					};
					062EAA2E2AF37F65009AAE8B = {
						CreatedOnToolsVersion = 14.3.1;
						TestTargetID = 062EAA0E2AF37F65009AAE8B;
					};
				};
			};
			buildConfigurationList = 062EAA0A2AF37F65009AAE8B /* Build configuration list for PBXProject "LukeNewsApp" */;
			compatibilityVersion = "Xcode 14.0";
			developmentRegion = en;
			hasScannedForEncodings = 0;
			knownRegions = (
				en,
				Base,
			);
			mainGroup = 062EAA062AF37F65009AAE8B;
			productRefGroup = 062EAA102AF37F65009AAE8B /* Products */;
			projectDirPath = "";
			projectRoot = "";
			targets = (
				062EAA0E2AF37F65009AAE8B /* LukeNewsApp */,
				062EAA242AF37F65009AAE8B /* LukeNewsAppTests */,
				062EAA2E2AF37F65009AAE8B /* LukeNewsAppUITests */,
			);
		};
/* End PBXProject section */

/* Begin PBXResourcesBuildPhase section */
		062EAA0D2AF37F65009AAE8B /* Resources */ = {
			isa = PBXResourcesBuildPhase;
			buildActionMask = 2147483647;
			files = (
				062EAA1F2AF37F65009AAE8B /* LaunchScreen.storyboard in Resources */,
				062EAA1C2AF37F65009AAE8B /* Assets.xcassets in Resources */,
				06EDCC492AF495B500BC8294 /* Readme.md in Resources */,
			);
			runOnlyForDeploymentPostprocessing = 0;
		};
		062EAA232AF37F65009AAE8B /* Resources */ = {
			isa = PBXResourcesBuildPhase;
			buildActionMask = 2147483647;
			files = (
			);
			runOnlyForDeploymentPostprocessing = 0;
		};
		062EAA2D2AF37F65009AAE8B /* Resources */ = {
			isa = PBXResourcesBuildPhase;
			buildActionMask = 2147483647;
			files = (
			);
			runOnlyForDeploymentPostprocessing = 0;
		};
/* End PBXResourcesBuildPhase section */

/* Begin PBXShellScriptBuildPhase section */
		28F14C3EB5BF9AD6C63C717D /* [CP] Check Pods Manifest.lock */ = {
			isa = PBXShellScriptBuildPhase;
			buildActionMask = 2147483647;
			files = (
			);
			inputFileListPaths = (
			);
			inputPaths = (
				"${PODS_PODFILE_DIR_PATH}/Podfile.lock",
				"${PODS_ROOT}/Manifest.lock",
			);
			name = "[CP] Check Pods Manifest.lock";
			outputFileListPaths = (
			);
			outputPaths = (
				"$(DERIVED_FILE_DIR)/Pods-LukeNewsAppTests-checkManifestLockResult.txt",
			);
			runOnlyForDeploymentPostprocessing = 0;
			shellPath = /bin/sh;
			shellScript = "diff \"${PODS_PODFILE_DIR_PATH}/Podfile.lock\" \"${PODS_ROOT}/Manifest.lock\" > /dev/null\nif [ $? != 0 ] ; then\n    # print error to STDERR\n    echo \"error: The sandbox is not in sync with the Podfile.lock. Run 'pod install' or update your CocoaPods installation.\" >&2\n    exit 1\nfi\n# This output is used by Xcode 'outputs' to avoid re-running this script phase.\necho \"SUCCESS\" > \"${SCRIPT_OUTPUT_FILE_0}\"\n";
			showEnvVarsInLog = 0;
		};
		4EFB50B6A8D51B9242D3A398 /* [CP] Check Pods Manifest.lock */ = {
			isa = PBXShellScriptBuildPhase;
			buildActionMask = 2147483647;
			files = (
			);
			inputFileListPaths = (
			);
			inputPaths = (
				"${PODS_PODFILE_DIR_PATH}/Podfile.lock",
				"${PODS_ROOT}/Manifest.lock",
			);
			name = "[CP] Check Pods Manifest.lock";
			outputFileListPaths = (
			);
			outputPaths = (
				"$(DERIVED_FILE_DIR)/Pods-LukeNewsApp-checkManifestLockResult.txt",
			);
			runOnlyForDeploymentPostprocessing = 0;
			shellPath = /bin/sh;
			shellScript = "diff \"${PODS_PODFILE_DIR_PATH}/Podfile.lock\" \"${PODS_ROOT}/Manifest.lock\" > /dev/null\nif [ $? != 0 ] ; then\n    # print error to STDERR\n    echo \"error: The sandbox is not in sync with the Podfile.lock. Run 'pod install' or update your CocoaPods installation.\" >&2\n    exit 1\nfi\n# This output is used by Xcode 'outputs' to avoid re-running this script phase.\necho \"SUCCESS\" > \"${SCRIPT_OUTPUT_FILE_0}\"\n";
			showEnvVarsInLog = 0;
		};
		61E904B0D22D60892DE6348A /* [CP] Embed Pods Frameworks */ = {
			isa = PBXShellScriptBuildPhase;
			buildActionMask = 2147483647;
			files = (
			);
			inputFileListPaths = (
				"${PODS_ROOT}/Target Support Files/Pods-LukeNewsApp-LukeNewsAppUITests/Pods-LukeNewsApp-LukeNewsAppUITests-frameworks-${CONFIGURATION}-input-files.xcfilelist",
			);
			name = "[CP] Embed Pods Frameworks";
			outputFileListPaths = (
				"${PODS_ROOT}/Target Support Files/Pods-LukeNewsApp-LukeNewsAppUITests/Pods-LukeNewsApp-LukeNewsAppUITests-frameworks-${CONFIGURATION}-output-files.xcfilelist",
			);
			runOnlyForDeploymentPostprocessing = 0;
			shellPath = /bin/sh;
			shellScript = "\"${PODS_ROOT}/Target Support Files/Pods-LukeNewsApp-LukeNewsAppUITests/Pods-LukeNewsApp-LukeNewsAppUITests-frameworks.sh\"\n";
			showEnvVarsInLog = 0;
		};
		894A55982AEDD828132BF035 /* [CP] Check Pods Manifest.lock */ = {
			isa = PBXShellScriptBuildPhase;
			buildActionMask = 2147483647;
			files = (
			);
			inputFileListPaths = (
			);
			inputPaths = (
				"${PODS_PODFILE_DIR_PATH}/Podfile.lock",
				"${PODS_ROOT}/Manifest.lock",
			);
			name = "[CP] Check Pods Manifest.lock";
			outputFileListPaths = (
			);
			outputPaths = (
				"$(DERIVED_FILE_DIR)/Pods-LukeNewsApp-LukeNewsAppUITests-checkManifestLockResult.txt",
			);
			runOnlyForDeploymentPostprocessing = 0;
			shellPath = /bin/sh;
			shellScript = "diff \"${PODS_PODFILE_DIR_PATH}/Podfile.lock\" \"${PODS_ROOT}/Manifest.lock\" > /dev/null\nif [ $? != 0 ] ; then\n    # print error to STDERR\n    echo \"error: The sandbox is not in sync with the Podfile.lock. Run 'pod install' or update your CocoaPods installation.\" >&2\n    exit 1\nfi\n# This output is used by Xcode 'outputs' to avoid re-running this script phase.\necho \"SUCCESS\" > \"${SCRIPT_OUTPUT_FILE_0}\"\n";
			showEnvVarsInLog = 0;
		};
		FEBE56A841BCDD63F01AB64E /* [CP] Embed Pods Frameworks */ = {
			isa = PBXShellScriptBuildPhase;
			buildActionMask = 2147483647;
			files = (
			);
			inputFileListPaths = (
				"${PODS_ROOT}/Target Support Files/Pods-LukeNewsApp/Pods-LukeNewsApp-frameworks-${CONFIGURATION}-input-files.xcfilelist",
			);
			name = "[CP] Embed Pods Frameworks";
			outputFileListPaths = (
				"${PODS_ROOT}/Target Support Files/Pods-LukeNewsApp/Pods-LukeNewsApp-frameworks-${CONFIGURATION}-output-files.xcfilelist",
			);
			runOnlyForDeploymentPostprocessing = 0;
			shellPath = /bin/sh;
			shellScript = "\"${PODS_ROOT}/Target Support Files/Pods-LukeNewsApp/Pods-LukeNewsApp-frameworks.sh\"\n";
			showEnvVarsInLog = 0;
		};
/* End PBXShellScriptBuildPhase section */

/* Begin PBXSourcesBuildPhase section */
		062EAA0B2AF37F65009AAE8B /* Sources */ = {
			isa = PBXSourcesBuildPhase;
			buildActionMask = 2147483647;
			files = (
				062EAA892AF38186009AAE8B /* LKNetworkError.swift in Sources */,
				062EAA7C2AF38167009AAE8B /* ArticlesRepository.swift in Sources */,
				062EAA7D2AF38167009AAE8B /* SourcesRepository.swift in Sources */,
				062EAA442AF37FF4009AAE8B /* Article.swift in Sources */,
				062EAA672AF38129009AAE8B /* ArticleSourceManager.swift in Sources */,
				062EAA4A2AF380CB009AAE8B /* SourceCellContent.swift in Sources */,
				062EAA992AF381C6009AAE8B /* UICollectionView+Extension.swift in Sources */,
				062EAA5D2AF38107009AAE8B /* MainTabBarController.swift in Sources */,
				062EAA5C2AF38107009AAE8B /* ArticleListCell.swift in Sources */,
				062EAA5F2AF38107009AAE8B /* SourcesViewController.swift in Sources */,
				062EAA602AF38107009AAE8B /* SourcesViewModel.swift in Sources */,
				062EAA852AF38186009AAE8B /* LKAPIError.swift in Sources */,
				062EAA9A2AF381C6009AAE8B /* NSCollectionLayoutSection+Extension.swift in Sources */,
				062EAA612AF38107009AAE8B /* SourceListCell.swift in Sources */,
				062EAA762AF38142009AAE8B /* RemoveArticleUseCase.swift in Sources */,
				062EAA5B2AF38107009AAE8B /* HeadlinesViewController.swift in Sources */,
				062EAA872AF38186009AAE8B /* LKHttpClient.swift in Sources */,
				062EAA752AF38142009AAE8B /* AddArticleUseCase.swift in Sources */,
				062EAA882AF38186009AAE8B /* LKApiService.swift in Sources */,
				062EAA772AF38142009AAE8B /* GetSavedArticlesUseCase.swift in Sources */,
				062EAA8E2AF381A4009AAE8B /* LKLoadingViewController.swift in Sources */,
				062EAA742AF38142009AAE8B /* AddArticleSourceUseCase.swift in Sources */,
				062EAA132AF37F65009AAE8B /* AppDelegate.swift in Sources */,
				062EAA982AF381C6009AAE8B /* String+Extension.swift in Sources */,
				062EAA972AF381C6009AAE8B /* UIViewController+Extension.swift in Sources */,
				062EAA722AF38142009AAE8B /* GetSelectedArticleSourcesUseCase.swift in Sources */,
				062EAA7E2AF38167009AAE8B /* UserDefaultsRepository.swift in Sources */,
				062EAA8F2AF381A4009AAE8B /* LKAlertViewController.swift in Sources */,
				062EAA5A2AF38107009AAE8B /* HeadlinesViewModel.swift in Sources */,
				062EAA732AF38142009AAE8B /* RemoveArticleSourceUseCase.swift in Sources */,
				062EAA462AF380A5009AAE8B /* Source.swift in Sources */,
				062EAA5E2AF38107009AAE8B /* MainTabBarViewModel.swift in Sources */,
				062EAA632AF38107009AAE8B /* SavedArticlesViewController.swift in Sources */,
				062EAA962AF381C6009AAE8B /* UIView+Extension.swift in Sources */,
				062EAA682AF38129009AAE8B /* SavedArticlesManager.swift in Sources */,
				062EAA622AF38107009AAE8B /* SavedArticlesViewModel.swift in Sources */,
				062EAA482AF380B6009AAE8B /* ArticleCellContent.swift in Sources */,
				062EAA862AF38186009AAE8B /* LKRequestData.swift in Sources */,
				062EAA152AF37F65009AAE8B /* SceneDelegate.swift in Sources */,
			);
			runOnlyForDeploymentPostprocessing = 0;
		};
		062EAA212AF37F65009AAE8B /* Sources */ = {
			isa = PBXSourcesBuildPhase;
			buildActionMask = 2147483647;
			files = (
				062EAAB22AF3C77F009AAE8B /* SourcesViewModelTests.swift in Sources */,
				062EAAA92AF39001009AAE8B /* ArticlesRepositoryTests.swift in Sources */,
				062EAA9F2AF38378009AAE8B /* LKHttpClientTests.swift in Sources */,
				062EAA9D2AF382F2009AAE8B /* LKRequestDataTests.swift in Sources */,
				062EAAAB2AF39132009AAE8B /* SourcesRepositoryTests.swift in Sources */,
				062EAAB02AF3962F009AAE8B /* HeadlinesViewModelTests.swift in Sources */,
				062EAA2A2AF37F65009AAE8B /* LukeNewsAppTests.swift in Sources */,
				062EAAA72AF38D0A009AAE8B /* UserDefaultsRepositoryTests.swift in Sources */,
				062EAAA42AF38B04009AAE8B /* LKApiServiceTests.swift in Sources */,
				062EAAB42AF3C949009AAE8B /* SavedArticlesViewModelTests.swift in Sources */,
			);
			runOnlyForDeploymentPostprocessing = 0;
		};
		062EAA2B2AF37F65009AAE8B /* Sources */ = {
			isa = PBXSourcesBuildPhase;
			buildActionMask = 2147483647;
			files = (
				062EAA362AF37F65009AAE8B /* LukeNewsAppUITestsLaunchTests.swift in Sources */,
				062EAA342AF37F65009AAE8B /* LukeNewsAppUITests.swift in Sources */,
			);
			runOnlyForDeploymentPostprocessing = 0;
		};
/* End PBXSourcesBuildPhase section */

/* Begin PBXTargetDependency section */
		062EAA272AF37F65009AAE8B /* PBXTargetDependency */ = {
			isa = PBXTargetDependency;
			target = 062EAA0E2AF37F65009AAE8B /* LukeNewsApp */;
			targetProxy = 062EAA262AF37F65009AAE8B /* PBXContainerItemProxy */;
		};
		062EAA312AF37F65009AAE8B /* PBXTargetDependency */ = {
			isa = PBXTargetDependency;
			target = 062EAA0E2AF37F65009AAE8B /* LukeNewsApp */;
			targetProxy = 062EAA302AF37F65009AAE8B /* PBXContainerItemProxy */;
		};
/* End PBXTargetDependency section */

/* Begin PBXVariantGroup section */
		062EAA1D2AF37F65009AAE8B /* LaunchScreen.storyboard */ = {
			isa = PBXVariantGroup;
			children = (
				062EAA1E2AF37F65009AAE8B /* Base */,
			);
			name = LaunchScreen.storyboard;
			sourceTree = "<group>";
		};
/* End PBXVariantGroup section */

/* Begin XCBuildConfiguration section */
		062EAA372AF37F65009AAE8B /* Debug */ = {
			isa = XCBuildConfiguration;
			buildSettings = {
				ALWAYS_SEARCH_USER_PATHS = NO;
				CLANG_ANALYZER_NONNULL = YES;
				CLANG_ANALYZER_NUMBER_OBJECT_CONVERSION = YES_AGGRESSIVE;
				CLANG_CXX_LANGUAGE_STANDARD = "gnu++20";
				CLANG_ENABLE_MODULES = YES;
				CLANG_ENABLE_OBJC_ARC = YES;
				CLANG_ENABLE_OBJC_WEAK = YES;
				CLANG_WARN_BLOCK_CAPTURE_AUTORELEASING = YES;
				CLANG_WARN_BOOL_CONVERSION = YES;
				CLANG_WARN_COMMA = YES;
				CLANG_WARN_CONSTANT_CONVERSION = YES;
				CLANG_WARN_DEPRECATED_OBJC_IMPLEMENTATIONS = YES;
				CLANG_WARN_DIRECT_OBJC_ISA_USAGE = YES_ERROR;
				CLANG_WARN_DOCUMENTATION_COMMENTS = YES;
				CLANG_WARN_EMPTY_BODY = YES;
				CLANG_WARN_ENUM_CONVERSION = YES;
				CLANG_WARN_INFINITE_RECURSION = YES;
				CLANG_WARN_INT_CONVERSION = YES;
				CLANG_WARN_NON_LITERAL_NULL_CONVERSION = YES;
				CLANG_WARN_OBJC_IMPLICIT_RETAIN_SELF = YES;
				CLANG_WARN_OBJC_LITERAL_CONVERSION = YES;
				CLANG_WARN_OBJC_ROOT_CLASS = YES_ERROR;
				CLANG_WARN_QUOTED_INCLUDE_IN_FRAMEWORK_HEADER = YES;
				CLANG_WARN_RANGE_LOOP_ANALYSIS = YES;
				CLANG_WARN_STRICT_PROTOTYPES = YES;
				CLANG_WARN_SUSPICIOUS_MOVE = YES;
				CLANG_WARN_UNGUARDED_AVAILABILITY = YES_AGGRESSIVE;
				CLANG_WARN_UNREACHABLE_CODE = YES;
				CLANG_WARN__DUPLICATE_METHOD_MATCH = YES;
				COPY_PHASE_STRIP = NO;
				DEBUG_INFORMATION_FORMAT = dwarf;
				ENABLE_STRICT_OBJC_MSGSEND = YES;
				ENABLE_TESTABILITY = YES;
				GCC_C_LANGUAGE_STANDARD = gnu11;
				GCC_DYNAMIC_NO_PIC = NO;
				GCC_NO_COMMON_BLOCKS = YES;
				GCC_OPTIMIZATION_LEVEL = 0;
				GCC_PREPROCESSOR_DEFINITIONS = (
					"DEBUG=1",
					"$(inherited)",
				);
				GCC_WARN_64_TO_32_BIT_CONVERSION = YES;
				GCC_WARN_ABOUT_RETURN_TYPE = YES_ERROR;
				GCC_WARN_UNDECLARED_SELECTOR = YES;
				GCC_WARN_UNINITIALIZED_AUTOS = YES_AGGRESSIVE;
				GCC_WARN_UNUSED_FUNCTION = YES;
				GCC_WARN_UNUSED_VARIABLE = YES;
				IPHONEOS_DEPLOYMENT_TARGET = 16.4;
				MTL_ENABLE_DEBUG_INFO = INCLUDE_SOURCE;
				MTL_FAST_MATH = YES;
				ONLY_ACTIVE_ARCH = YES;
				SDKROOT = iphoneos;
				SWIFT_ACTIVE_COMPILATION_CONDITIONS = DEBUG;
				SWIFT_OPTIMIZATION_LEVEL = "-Onone";
			};
			name = Debug;
		};
		062EAA382AF37F65009AAE8B /* Release */ = {
			isa = XCBuildConfiguration;
			buildSettings = {
				ALWAYS_SEARCH_USER_PATHS = NO;
				CLANG_ANALYZER_NONNULL = YES;
				CLANG_ANALYZER_NUMBER_OBJECT_CONVERSION = YES_AGGRESSIVE;
				CLANG_CXX_LANGUAGE_STANDARD = "gnu++20";
				CLANG_ENABLE_MODULES = YES;
				CLANG_ENABLE_OBJC_ARC = YES;
				CLANG_ENABLE_OBJC_WEAK = YES;
				CLANG_WARN_BLOCK_CAPTURE_AUTORELEASING = YES;
				CLANG_WARN_BOOL_CONVERSION = YES;
				CLANG_WARN_COMMA = YES;
				CLANG_WARN_CONSTANT_CONVERSION = YES;
				CLANG_WARN_DEPRECATED_OBJC_IMPLEMENTATIONS = YES;
				CLANG_WARN_DIRECT_OBJC_ISA_USAGE = YES_ERROR;
				CLANG_WARN_DOCUMENTATION_COMMENTS = YES;
				CLANG_WARN_EMPTY_BODY = YES;
				CLANG_WARN_ENUM_CONVERSION = YES;
				CLANG_WARN_INFINITE_RECURSION = YES;
				CLANG_WARN_INT_CONVERSION = YES;
				CLANG_WARN_NON_LITERAL_NULL_CONVERSION = YES;
				CLANG_WARN_OBJC_IMPLICIT_RETAIN_SELF = YES;
				CLANG_WARN_OBJC_LITERAL_CONVERSION = YES;
				CLANG_WARN_OBJC_ROOT_CLASS = YES_ERROR;
				CLANG_WARN_QUOTED_INCLUDE_IN_FRAMEWORK_HEADER = YES;
				CLANG_WARN_RANGE_LOOP_ANALYSIS = YES;
				CLANG_WARN_STRICT_PROTOTYPES = YES;
				CLANG_WARN_SUSPICIOUS_MOVE = YES;
				CLANG_WARN_UNGUARDED_AVAILABILITY = YES_AGGRESSIVE;
				CLANG_WARN_UNREACHABLE_CODE = YES;
				CLANG_WARN__DUPLICATE_METHOD_MATCH = YES;
				COPY_PHASE_STRIP = NO;
				DEBUG_INFORMATION_FORMAT = "dwarf-with-dsym";
				ENABLE_NS_ASSERTIONS = NO;
				ENABLE_STRICT_OBJC_MSGSEND = YES;
				GCC_C_LANGUAGE_STANDARD = gnu11;
				GCC_NO_COMMON_BLOCKS = YES;
				GCC_WARN_64_TO_32_BIT_CONVERSION = YES;
				GCC_WARN_ABOUT_RETURN_TYPE = YES_ERROR;
				GCC_WARN_UNDECLARED_SELECTOR = YES;
				GCC_WARN_UNINITIALIZED_AUTOS = YES_AGGRESSIVE;
				GCC_WARN_UNUSED_FUNCTION = YES;
				GCC_WARN_UNUSED_VARIABLE = YES;
				IPHONEOS_DEPLOYMENT_TARGET = 16.4;
				MTL_ENABLE_DEBUG_INFO = NO;
				MTL_FAST_MATH = YES;
				SDKROOT = iphoneos;
				SWIFT_COMPILATION_MODE = wholemodule;
				SWIFT_OPTIMIZATION_LEVEL = "-O";
				VALIDATE_PRODUCT = YES;
			};
			name = Release;
		};
		062EAA3A2AF37F65009AAE8B /* Debug */ = {
			isa = XCBuildConfiguration;
			baseConfigurationReference = B120132A8A422DE95A686455 /* Pods-LukeNewsApp.debug.xcconfig */;
			buildSettings = {
				ASSETCATALOG_COMPILER_APPICON_NAME = AppIcon;
				ASSETCATALOG_COMPILER_GLOBAL_ACCENT_COLOR_NAME = AccentColor;
				CODE_SIGN_STYLE = Automatic;
				CURRENT_PROJECT_VERSION = 1;
				DEVELOPMENT_TEAM = 75JR65DXM5;
				GENERATE_INFOPLIST_FILE = YES;
				INFOPLIST_FILE = LukeNewsApp/Info.plist;
				INFOPLIST_KEY_UIApplicationSupportsIndirectInputEvents = YES;
				INFOPLIST_KEY_UILaunchStoryboardName = LaunchScreen;
				INFOPLIST_KEY_UISupportedInterfaceOrientations_iPad = "UIInterfaceOrientationPortrait UIInterfaceOrientationPortraitUpsideDown UIInterfaceOrientationLandscapeLeft UIInterfaceOrientationLandscapeRight";
				INFOPLIST_KEY_UISupportedInterfaceOrientations_iPhone = "UIInterfaceOrientationPortrait UIInterfaceOrientationLandscapeLeft UIInterfaceOrientationLandscapeRight";
				IPHONEOS_DEPLOYMENT_TARGET = 16.0;
				LD_RUNPATH_SEARCH_PATHS = (
					"$(inherited)",
					"@executable_path/Frameworks",
				);
				MARKETING_VERSION = 1.0;
				PRODUCT_BUNDLE_IDENTIFIER = com.lukeliu.LukeNewsApp;
				PRODUCT_NAME = "$(TARGET_NAME)";
				SWIFT_EMIT_LOC_STRINGS = YES;
				SWIFT_VERSION = 5.0;
				TARGETED_DEVICE_FAMILY = "1,2";
			};
			name = Debug;
		};
		062EAA3B2AF37F65009AAE8B /* Release */ = {
			isa = XCBuildConfiguration;
			baseConfigurationReference = BA8C7F582DC9F9B71A8D7014 /* Pods-LukeNewsApp.release.xcconfig */;
			buildSettings = {
				ASSETCATALOG_COMPILER_APPICON_NAME = AppIcon;
				ASSETCATALOG_COMPILER_GLOBAL_ACCENT_COLOR_NAME = AccentColor;
				CODE_SIGN_STYLE = Automatic;
				CURRENT_PROJECT_VERSION = 1;
				DEVELOPMENT_TEAM = 75JR65DXM5;
				GENERATE_INFOPLIST_FILE = YES;
				INFOPLIST_FILE = LukeNewsApp/Info.plist;
				INFOPLIST_KEY_UIApplicationSupportsIndirectInputEvents = YES;
				INFOPLIST_KEY_UILaunchStoryboardName = LaunchScreen;
				INFOPLIST_KEY_UISupportedInterfaceOrientations_iPad = "UIInterfaceOrientationPortrait UIInterfaceOrientationPortraitUpsideDown UIInterfaceOrientationLandscapeLeft UIInterfaceOrientationLandscapeRight";
				INFOPLIST_KEY_UISupportedInterfaceOrientations_iPhone = "UIInterfaceOrientationPortrait UIInterfaceOrientationLandscapeLeft UIInterfaceOrientationLandscapeRight";
				IPHONEOS_DEPLOYMENT_TARGET = 16.0;
				LD_RUNPATH_SEARCH_PATHS = (
					"$(inherited)",
					"@executable_path/Frameworks",
				);
				MARKETING_VERSION = 1.0;
				PRODUCT_BUNDLE_IDENTIFIER = com.lukeliu.LukeNewsApp;
				PRODUCT_NAME = "$(TARGET_NAME)";
				SWIFT_EMIT_LOC_STRINGS = YES;
				SWIFT_VERSION = 5.0;
				TARGETED_DEVICE_FAMILY = "1,2";
			};
			name = Release;
		};
		062EAA3D2AF37F65009AAE8B /* Debug */ = {
			isa = XCBuildConfiguration;
			baseConfigurationReference = 75052DF44AD61110EF2BEE92 /* Pods-LukeNewsAppTests.debug.xcconfig */;
			buildSettings = {
				ALWAYS_EMBED_SWIFT_STANDARD_LIBRARIES = YES;
				BUNDLE_LOADER = "$(TEST_HOST)";
				CODE_SIGN_STYLE = Automatic;
				CURRENT_PROJECT_VERSION = 1;
				DEVELOPMENT_TEAM = 75JR65DXM5;
				GENERATE_INFOPLIST_FILE = YES;
				IPHONEOS_DEPLOYMENT_TARGET = 16.4;
				MARKETING_VERSION = 1.0;
				PRODUCT_BUNDLE_IDENTIFIER = com.lukeliu.LukeNewsAppTests;
				PRODUCT_NAME = "$(TARGET_NAME)";
				SWIFT_EMIT_LOC_STRINGS = NO;
				SWIFT_VERSION = 5.0;
				TARGETED_DEVICE_FAMILY = "1,2";
				TEST_HOST = "$(BUILT_PRODUCTS_DIR)/LukeNewsApp.app/$(BUNDLE_EXECUTABLE_FOLDER_PATH)/LukeNewsApp";
			};
			name = Debug;
		};
		062EAA3E2AF37F65009AAE8B /* Release */ = {
			isa = XCBuildConfiguration;
			baseConfigurationReference = 70058B29CD1771D5EB68BEC2 /* Pods-LukeNewsAppTests.release.xcconfig */;
			buildSettings = {
				ALWAYS_EMBED_SWIFT_STANDARD_LIBRARIES = YES;
				BUNDLE_LOADER = "$(TEST_HOST)";
				CODE_SIGN_STYLE = Automatic;
				CURRENT_PROJECT_VERSION = 1;
				DEVELOPMENT_TEAM = 75JR65DXM5;
				GENERATE_INFOPLIST_FILE = YES;
				IPHONEOS_DEPLOYMENT_TARGET = 16.4;
				MARKETING_VERSION = 1.0;
				PRODUCT_BUNDLE_IDENTIFIER = com.lukeliu.LukeNewsAppTests;
				PRODUCT_NAME = "$(TARGET_NAME)";
				SWIFT_EMIT_LOC_STRINGS = NO;
				SWIFT_VERSION = 5.0;
				TARGETED_DEVICE_FAMILY = "1,2";
				TEST_HOST = "$(BUILT_PRODUCTS_DIR)/LukeNewsApp.app/$(BUNDLE_EXECUTABLE_FOLDER_PATH)/LukeNewsApp";
			};
			name = Release;
		};
		062EAA402AF37F65009AAE8B /* Debug */ = {
			isa = XCBuildConfiguration;
			baseConfigurationReference = AD97BEA7E70B41E5CE9A4B4F /* Pods-LukeNewsApp-LukeNewsAppUITests.debug.xcconfig */;
			buildSettings = {
				ALWAYS_EMBED_SWIFT_STANDARD_LIBRARIES = YES;
				CODE_SIGN_STYLE = Automatic;
				CURRENT_PROJECT_VERSION = 1;
				DEVELOPMENT_TEAM = 75JR65DXM5;
				GENERATE_INFOPLIST_FILE = YES;
				MARKETING_VERSION = 1.0;
				PRODUCT_BUNDLE_IDENTIFIER = com.lukeliu.LukeNewsAppUITests;
				PRODUCT_NAME = "$(TARGET_NAME)";
				SWIFT_EMIT_LOC_STRINGS = NO;
				SWIFT_VERSION = 5.0;
				TARGETED_DEVICE_FAMILY = "1,2";
				TEST_TARGET_NAME = LukeNewsApp;
			};
			name = Debug;
		};
		062EAA412AF37F65009AAE8B /* Release */ = {
			isa = XCBuildConfiguration;
			baseConfigurationReference = C65AE08964274F71F17D7CBD /* Pods-LukeNewsApp-LukeNewsAppUITests.release.xcconfig */;
			buildSettings = {
				ALWAYS_EMBED_SWIFT_STANDARD_LIBRARIES = YES;
				CODE_SIGN_STYLE = Automatic;
				CURRENT_PROJECT_VERSION = 1;
				DEVELOPMENT_TEAM = 75JR65DXM5;
				GENERATE_INFOPLIST_FILE = YES;
				MARKETING_VERSION = 1.0;
				PRODUCT_BUNDLE_IDENTIFIER = com.lukeliu.LukeNewsAppUITests;
				PRODUCT_NAME = "$(TARGET_NAME)";
				SWIFT_EMIT_LOC_STRINGS = NO;
				SWIFT_VERSION = 5.0;
				TARGETED_DEVICE_FAMILY = "1,2";
				TEST_TARGET_NAME = LukeNewsApp;
			};
			name = Release;
		};
/* End XCBuildConfiguration section */

/* Begin XCConfigurationList section */
		062EAA0A2AF37F65009AAE8B /* Build configuration list for PBXProject "LukeNewsApp" */ = {
			isa = XCConfigurationList;
			buildConfigurations = (
				062EAA372AF37F65009AAE8B /* Debug */,
				062EAA382AF37F65009AAE8B /* Release */,
			);
			defaultConfigurationIsVisible = 0;
			defaultConfigurationName = Release;
		};
		062EAA392AF37F65009AAE8B /* Build configuration list for PBXNativeTarget "LukeNewsApp" */ = {
			isa = XCConfigurationList;
			buildConfigurations = (
				062EAA3A2AF37F65009AAE8B /* Debug */,
				062EAA3B2AF37F65009AAE8B /* Release */,
			);
			defaultConfigurationIsVisible = 0;
			defaultConfigurationName = Release;
		};
		062EAA3C2AF37F65009AAE8B /* Build configuration list for PBXNativeTarget "LukeNewsAppTests" */ = {
			isa = XCConfigurationList;
			buildConfigurations = (
				062EAA3D2AF37F65009AAE8B /* Debug */,
				062EAA3E2AF37F65009AAE8B /* Release */,
			);
			defaultConfigurationIsVisible = 0;
			defaultConfigurationName = Release;
		};
		062EAA3F2AF37F65009AAE8B /* Build configuration list for PBXNativeTarget "LukeNewsAppUITests" */ = {
			isa = XCConfigurationList;
			buildConfigurations = (
				062EAA402AF37F65009AAE8B /* Debug */,
				062EAA412AF37F65009AAE8B /* Release */,
			);
			defaultConfigurationIsVisible = 0;
			defaultConfigurationName = Release;
		};
/* End XCConfigurationList section */
	};
	rootObject = 062EAA072AF37F65009AAE8B /* Project object */;
}
